// !$*UTF8*$!
{
	archiveVersion = 1;
	classes = {
	};
	objectVersion = 46;
	objects = {

/* Begin PBXBuildFile section */
		AF08FCD21E01EC2700746338 /* RevisitaMapaViewController.swift in Sources */ = {isa = PBXBuildFile; fileRef = AF08FCD11E01EC2700746338 /* RevisitaMapaViewController.swift */; };
		AF0F4A9E1E09B83F0054DE1B /* CoreDataRevisita.swift in Sources */ = {isa = PBXBuildFile; fileRef = AF0F4A9D1E09B83F0054DE1B /* CoreDataRevisita.swift */; };
		AF0F4AA01E09C6880054DE1B /* RevistasListagemTableViewController.swift in Sources */ = {isa = PBXBuildFile; fileRef = AF0F4A9F1E09C6880054DE1B /* RevistasListagemTableViewController.swift */; };
		AF0F4AA31E09CE450054DE1B /* MapaGerenciador.swift in Sources */ = {isa = PBXBuildFile; fileRef = AF0F4AA21E09CE450054DE1B /* MapaGerenciador.swift */; };
		AF7F11B11E04531D008526B5 /* IQNSArray+Sort.swift in Sources */ = {isa = PBXBuildFile; fileRef = AF7F119B1E04531D008526B5 /* IQNSArray+Sort.swift */; };
		AF7F11B21E04531D008526B5 /* IQUIScrollView+Additions.swift in Sources */ = {isa = PBXBuildFile; fileRef = AF7F119C1E04531D008526B5 /* IQUIScrollView+Additions.swift */; };
		AF7F11B31E04531D008526B5 /* IQUITextFieldView+Additions.swift in Sources */ = {isa = PBXBuildFile; fileRef = AF7F119D1E04531D008526B5 /* IQUITextFieldView+Additions.swift */; };
		AF7F11B41E04531D008526B5 /* IQUIView+Hierarchy.swift in Sources */ = {isa = PBXBuildFile; fileRef = AF7F119E1E04531D008526B5 /* IQUIView+Hierarchy.swift */; };
		AF7F11B51E04531D008526B5 /* IQUIViewController+Additions.swift in Sources */ = {isa = PBXBuildFile; fileRef = AF7F119F1E04531D008526B5 /* IQUIViewController+Additions.swift */; };
		AF7F11B61E04531D008526B5 /* IQUIWindow+Hierarchy.swift in Sources */ = {isa = PBXBuildFile; fileRef = AF7F11A01E04531D008526B5 /* IQUIWindow+Hierarchy.swift */; };
		AF7F11B71E04531D008526B5 /* IQKeyboardManagerConstants.swift in Sources */ = {isa = PBXBuildFile; fileRef = AF7F11A21E04531D008526B5 /* IQKeyboardManagerConstants.swift */; };
		AF7F11B81E04531D008526B5 /* IQKeyboardManagerConstantsInternal.swift in Sources */ = {isa = PBXBuildFile; fileRef = AF7F11A31E04531D008526B5 /* IQKeyboardManagerConstantsInternal.swift */; };
		AF7F11B91E04531D008526B5 /* IQKeyboardManager.swift in Sources */ = {isa = PBXBuildFile; fileRef = AF7F11A41E04531D008526B5 /* IQKeyboardManager.swift */; };
		AF7F11BA1E04531D008526B5 /* IQKeyboardReturnKeyHandler.swift in Sources */ = {isa = PBXBuildFile; fileRef = AF7F11A61E04531D008526B5 /* IQKeyboardReturnKeyHandler.swift */; };
		AF7F11BB1E04531D008526B5 /* IQTextView.swift in Sources */ = {isa = PBXBuildFile; fileRef = AF7F11A81E04531D008526B5 /* IQTextView.swift */; };
		AF7F11BC1E04531D008526B5 /* IQBarButtonItem.swift in Sources */ = {isa = PBXBuildFile; fileRef = AF7F11AA1E04531D008526B5 /* IQBarButtonItem.swift */; };
		AF7F11BD1E04531D008526B5 /* IQPreviousNextView.swift in Sources */ = {isa = PBXBuildFile; fileRef = AF7F11AB1E04531D008526B5 /* IQPreviousNextView.swift */; };
		AF7F11BE1E04531D008526B5 /* IQTitleBarButtonItem.swift in Sources */ = {isa = PBXBuildFile; fileRef = AF7F11AC1E04531D008526B5 /* IQTitleBarButtonItem.swift */; };
		AF7F11BF1E04531D008526B5 /* IQToolbar.swift in Sources */ = {isa = PBXBuildFile; fileRef = AF7F11AD1E04531D008526B5 /* IQToolbar.swift */; };
		AF7F11C01E04531D008526B5 /* IQUIView+IQKeyboardToolbar.swift in Sources */ = {isa = PBXBuildFile; fileRef = AF7F11AE1E04531D008526B5 /* IQUIView+IQKeyboardToolbar.swift */; };
		AF7F11C11E04531D008526B5 /* IQKeyboardManager.bundle in Resources */ = {isa = PBXBuildFile; fileRef = AF7F11B01E04531D008526B5 /* IQKeyboardManager.bundle */; };
		AF9B1D941E00AD7700FB95B6 /* AppDelegate.swift in Sources */ = {isa = PBXBuildFile; fileRef = AF9B1D931E00AD7700FB95B6 /* AppDelegate.swift */; };
		AF9B1D961E00AD7700FB95B6 /* ViewController.swift in Sources */ = {isa = PBXBuildFile; fileRef = AF9B1D951E00AD7700FB95B6 /* ViewController.swift */; };
		AF9B1D991E00AD7700FB95B6 /* Main.storyboard in Resources */ = {isa = PBXBuildFile; fileRef = AF9B1D971E00AD7700FB95B6 /* Main.storyboard */; };
		AF9B1D9C1E00AD7700FB95B6 /* Ministerio.xcdatamodeld in Sources */ = {isa = PBXBuildFile; fileRef = AF9B1D9A1E00AD7700FB95B6 /* Ministerio.xcdatamodeld */; };
		AF9B1D9E1E00AD7700FB95B6 /* Assets.xcassets in Resources */ = {isa = PBXBuildFile; fileRef = AF9B1D9D1E00AD7700FB95B6 /* Assets.xcassets */; };
		AF9B1DA11E00AD7700FB95B6 /* LaunchScreen.storyboard in Resources */ = {isa = PBXBuildFile; fileRef = AF9B1D9F1E00AD7700FB95B6 /* LaunchScreen.storyboard */; };
		AF9B1DAA1E00AFC600FB95B6 /* MapKit.framework in Frameworks */ = {isa = PBXBuildFile; fileRef = AF9B1DA91E00AFC600FB95B6 /* MapKit.framework */; };
		AFC243301E0331F7006BE491 /* RevisitaCadastroViewController.swift in Sources */ = {isa = PBXBuildFile; fileRef = AFC2432F1E0331F7006BE491 /* RevisitaCadastroViewController.swift */; };
/* End PBXBuildFile section */

/* Begin PBXFileReference section */
		AF08FCD11E01EC2700746338 /* RevisitaMapaViewController.swift */ = {isa = PBXFileReference; fileEncoding = 4; lastKnownFileType = sourcecode.swift; path = RevisitaMapaViewController.swift; sourceTree = "<group>"; };
		AF0F4A9D1E09B83F0054DE1B /* CoreDataRevisita.swift */ = {isa = PBXFileReference; fileEncoding = 4; lastKnownFileType = sourcecode.swift; path = CoreDataRevisita.swift; sourceTree = "<group>"; };
		AF0F4A9F1E09C6880054DE1B /* RevistasListagemTableViewController.swift */ = {isa = PBXFileReference; fileEncoding = 4; lastKnownFileType = sourcecode.swift; path = RevistasListagemTableViewController.swift; sourceTree = "<group>"; };
		AF0F4AA21E09CE450054DE1B /* MapaGerenciador.swift */ = {isa = PBXFileReference; fileEncoding = 4; lastKnownFileType = sourcecode.swift; path = MapaGerenciador.swift; sourceTree = "<group>"; };
		AF7F119B1E04531D008526B5 /* IQNSArray+Sort.swift */ = {isa = PBXFileReference; fileEncoding = 4; lastKnownFileType = sourcecode.swift; path = "IQNSArray+Sort.swift"; sourceTree = "<group>"; };
		AF7F119C1E04531D008526B5 /* IQUIScrollView+Additions.swift */ = {isa = PBXFileReference; fileEncoding = 4; lastKnownFileType = sourcecode.swift; path = "IQUIScrollView+Additions.swift"; sourceTree = "<group>"; };
		AF7F119D1E04531D008526B5 /* IQUITextFieldView+Additions.swift */ = {isa = PBXFileReference; fileEncoding = 4; lastKnownFileType = sourcecode.swift; path = "IQUITextFieldView+Additions.swift"; sourceTree = "<group>"; };
		AF7F119E1E04531D008526B5 /* IQUIView+Hierarchy.swift */ = {isa = PBXFileReference; fileEncoding = 4; lastKnownFileType = sourcecode.swift; path = "IQUIView+Hierarchy.swift"; sourceTree = "<group>"; };
		AF7F119F1E04531D008526B5 /* IQUIViewController+Additions.swift */ = {isa = PBXFileReference; fileEncoding = 4; lastKnownFileType = sourcecode.swift; path = "IQUIViewController+Additions.swift"; sourceTree = "<group>"; };
		AF7F11A01E04531D008526B5 /* IQUIWindow+Hierarchy.swift */ = {isa = PBXFileReference; fileEncoding = 4; lastKnownFileType = sourcecode.swift; path = "IQUIWindow+Hierarchy.swift"; sourceTree = "<group>"; };
		AF7F11A21E04531D008526B5 /* IQKeyboardManagerConstants.swift */ = {isa = PBXFileReference; fileEncoding = 4; lastKnownFileType = sourcecode.swift; path = IQKeyboardManagerConstants.swift; sourceTree = "<group>"; };
		AF7F11A31E04531D008526B5 /* IQKeyboardManagerConstantsInternal.swift */ = {isa = PBXFileReference; fileEncoding = 4; lastKnownFileType = sourcecode.swift; path = IQKeyboardManagerConstantsInternal.swift; sourceTree = "<group>"; };
		AF7F11A41E04531D008526B5 /* IQKeyboardManager.swift */ = {isa = PBXFileReference; fileEncoding = 4; lastKnownFileType = sourcecode.swift; path = IQKeyboardManager.swift; sourceTree = "<group>"; };
		AF7F11A51E04531D008526B5 /* IQKeyboardManagerSwift.h */ = {isa = PBXFileReference; fileEncoding = 4; lastKnownFileType = sourcecode.c.h; path = IQKeyboardManagerSwift.h; sourceTree = "<group>"; };
		AF7F11A61E04531D008526B5 /* IQKeyboardReturnKeyHandler.swift */ = {isa = PBXFileReference; fileEncoding = 4; lastKnownFileType = sourcecode.swift; path = IQKeyboardReturnKeyHandler.swift; sourceTree = "<group>"; };
		AF7F11A81E04531D008526B5 /* IQTextView.swift */ = {isa = PBXFileReference; fileEncoding = 4; lastKnownFileType = sourcecode.swift; path = IQTextView.swift; sourceTree = "<group>"; };
		AF7F11AA1E04531D008526B5 /* IQBarButtonItem.swift */ = {isa = PBXFileReference; fileEncoding = 4; lastKnownFileType = sourcecode.swift; path = IQBarButtonItem.swift; sourceTree = "<group>"; };
		AF7F11AB1E04531D008526B5 /* IQPreviousNextView.swift */ = {isa = PBXFileReference; fileEncoding = 4; lastKnownFileType = sourcecode.swift; path = IQPreviousNextView.swift; sourceTree = "<group>"; };
		AF7F11AC1E04531D008526B5 /* IQTitleBarButtonItem.swift */ = {isa = PBXFileReference; fileEncoding = 4; lastKnownFileType = sourcecode.swift; path = IQTitleBarButtonItem.swift; sourceTree = "<group>"; };
		AF7F11AD1E04531D008526B5 /* IQToolbar.swift */ = {isa = PBXFileReference; fileEncoding = 4; lastKnownFileType = sourcecode.swift; path = IQToolbar.swift; sourceTree = "<group>"; };
		AF7F11AE1E04531D008526B5 /* IQUIView+IQKeyboardToolbar.swift */ = {isa = PBXFileReference; fileEncoding = 4; lastKnownFileType = sourcecode.swift; path = "IQUIView+IQKeyboardToolbar.swift"; sourceTree = "<group>"; };
		AF7F11B01E04531D008526B5 /* IQKeyboardManager.bundle */ = {isa = PBXFileReference; lastKnownFileType = "wrapper.plug-in"; path = IQKeyboardManager.bundle; sourceTree = "<group>"; };
		AF9B1D901E00AD7700FB95B6 /* Ministerio.app */ = {isa = PBXFileReference; explicitFileType = wrapper.application; includeInIndex = 0; path = Ministerio.app; sourceTree = BUILT_PRODUCTS_DIR; };
		AF9B1D931E00AD7700FB95B6 /* AppDelegate.swift */ = {isa = PBXFileReference; lastKnownFileType = sourcecode.swift; path = AppDelegate.swift; sourceTree = "<group>"; };
		AF9B1D951E00AD7700FB95B6 /* ViewController.swift */ = {isa = PBXFileReference; lastKnownFileType = sourcecode.swift; path = ViewController.swift; sourceTree = "<group>"; };
		AF9B1D981E00AD7700FB95B6 /* Base */ = {isa = PBXFileReference; lastKnownFileType = file.storyboard; name = Base; path = Base.lproj/Main.storyboard; sourceTree = "<group>"; };
		AF9B1D9B1E00AD7700FB95B6 /* Ministerio.xcdatamodel */ = {isa = PBXFileReference; lastKnownFileType = wrapper.xcdatamodel; path = Ministerio.xcdatamodel; sourceTree = "<group>"; };
		AF9B1D9D1E00AD7700FB95B6 /* Assets.xcassets */ = {isa = PBXFileReference; lastKnownFileType = folder.assetcatalog; path = Assets.xcassets; sourceTree = "<group>"; };
		AF9B1DA01E00AD7700FB95B6 /* Base */ = {isa = PBXFileReference; lastKnownFileType = file.storyboard; name = Base; path = Base.lproj/LaunchScreen.storyboard; sourceTree = "<group>"; };
		AF9B1DA21E00AD7700FB95B6 /* Info.plist */ = {isa = PBXFileReference; lastKnownFileType = text.plist.xml; path = Info.plist; sourceTree = "<group>"; };
		AF9B1DA91E00AFC600FB95B6 /* MapKit.framework */ = {isa = PBXFileReference; lastKnownFileType = wrapper.framework; name = MapKit.framework; path = System/Library/Frameworks/MapKit.framework; sourceTree = SDKROOT; };
		AFC2432F1E0331F7006BE491 /* RevisitaCadastroViewController.swift */ = {isa = PBXFileReference; fileEncoding = 4; lastKnownFileType = sourcecode.swift; path = RevisitaCadastroViewController.swift; sourceTree = "<group>"; };
/* End PBXFileReference section */

/* Begin PBXFrameworksBuildPhase section */
		AF9B1D8D1E00AD7600FB95B6 /* Frameworks */ = {
			isa = PBXFrameworksBuildPhase;
			buildActionMask = 2147483647;
			files = (
				AF9B1DAA1E00AFC600FB95B6 /* MapKit.framework in Frameworks */,
			);
			runOnlyForDeploymentPostprocessing = 0;
		};
/* End PBXFrameworksBuildPhase section */

/* Begin PBXGroup section */
		AF0F4A9C1E09B8190054DE1B /* CoreDataClasses */ = {
			isa = PBXGroup;
			children = (
				AF0F4A9D1E09B83F0054DE1B /* CoreDataRevisita.swift */,
			);
			name = CoreDataClasses;
			sourceTree = "<group>";
		};
		AF0F4AA11E09CE1B0054DE1B /* Classes */ = {
			isa = PBXGroup;
			children = (
				AF0F4AA21E09CE450054DE1B /* MapaGerenciador.swift */,
			);
			name = Classes;
			sourceTree = "<group>";
		};
		AF7F11991E04531D008526B5 /* IQKeyboardManagerSwift */ = {
			isa = PBXGroup;
			children = (
				AF7F119A1E04531D008526B5 /* Categories */,
				AF7F11A11E04531D008526B5 /* Constants */,
				AF7F11A41E04531D008526B5 /* IQKeyboardManager.swift */,
				AF7F11A51E04531D008526B5 /* IQKeyboardManagerSwift.h */,
				AF7F11A61E04531D008526B5 /* IQKeyboardReturnKeyHandler.swift */,
				AF7F11A71E04531D008526B5 /* IQTextView */,
				AF7F11A91E04531D008526B5 /* IQToolbar */,
				AF7F11AF1E04531D008526B5 /* Resources */,
			);
			path = IQKeyboardManagerSwift;
			sourceTree = "<group>";
		};
		AF7F119A1E04531D008526B5 /* Categories */ = {
			isa = PBXGroup;
			children = (
				AF7F119B1E04531D008526B5 /* IQNSArray+Sort.swift */,
				AF7F119C1E04531D008526B5 /* IQUIScrollView+Additions.swift */,
				AF7F119D1E04531D008526B5 /* IQUITextFieldView+Additions.swift */,
				AF7F119E1E04531D008526B5 /* IQUIView+Hierarchy.swift */,
				AF7F119F1E04531D008526B5 /* IQUIViewController+Additions.swift */,
				AF7F11A01E04531D008526B5 /* IQUIWindow+Hierarchy.swift */,
			);
			path = Categories;
			sourceTree = "<group>";
		};
		AF7F11A11E04531D008526B5 /* Constants */ = {
			isa = PBXGroup;
			children = (
				AF7F11A21E04531D008526B5 /* IQKeyboardManagerConstants.swift */,
				AF7F11A31E04531D008526B5 /* IQKeyboardManagerConstantsInternal.swift */,
			);
			path = Constants;
			sourceTree = "<group>";
		};
		AF7F11A71E04531D008526B5 /* IQTextView */ = {
			isa = PBXGroup;
			children = (
				AF7F11A81E04531D008526B5 /* IQTextView.swift */,
			);
			path = IQTextView;
			sourceTree = "<group>";
		};
		AF7F11A91E04531D008526B5 /* IQToolbar */ = {
			isa = PBXGroup;
			children = (
				AF7F11AA1E04531D008526B5 /* IQBarButtonItem.swift */,
				AF7F11AB1E04531D008526B5 /* IQPreviousNextView.swift */,
				AF7F11AC1E04531D008526B5 /* IQTitleBarButtonItem.swift */,
				AF7F11AD1E04531D008526B5 /* IQToolbar.swift */,
				AF7F11AE1E04531D008526B5 /* IQUIView+IQKeyboardToolbar.swift */,
			);
			path = IQToolbar;
			sourceTree = "<group>";
		};
		AF7F11AF1E04531D008526B5 /* Resources */ = {
			isa = PBXGroup;
			children = (
				AF7F11B01E04531D008526B5 /* IQKeyboardManager.bundle */,
			);
			path = Resources;
			sourceTree = "<group>";
		};
		AF9B1D871E00AD7600FB95B6 = {
			isa = PBXGroup;
			children = (
				AF9B1D921E00AD7700FB95B6 /* Ministerio */,
				AF9B1D911E00AD7700FB95B6 /* Products */,
				AF9B1DA81E00AFC500FB95B6 /* Frameworks */,
			);
			sourceTree = "<group>";
		};
		AF9B1D911E00AD7700FB95B6 /* Products */ = {
			isa = PBXGroup;
			children = (
				AF9B1D901E00AD7700FB95B6 /* Ministerio.app */,
			);
			name = Products;
			sourceTree = "<group>";
		};
		AF9B1D921E00AD7700FB95B6 /* Ministerio */ = {
			isa = PBXGroup;
			children = (
				AF7F11991E04531D008526B5 /* IQKeyboardManagerSwift */,
				AF0F4AA11E09CE1B0054DE1B /* Classes */,
				AF0F4A9C1E09B8190054DE1B /* CoreDataClasses */,
				AF9B1D931E00AD7700FB95B6 /* AppDelegate.swift */,
				AF08FCD11E01EC2700746338 /* RevisitaMapaViewController.swift */,
				AFC2432F1E0331F7006BE491 /* RevisitaCadastroViewController.swift */,
				AF0F4A9F1E09C6880054DE1B /* RevistasListagemTableViewController.swift */,
				AF9B1D951E00AD7700FB95B6 /* ViewController.swift */,
				AF9B1D971E00AD7700FB95B6 /* Main.storyboard */,
				AF9B1D9D1E00AD7700FB95B6 /* Assets.xcassets */,
				AF9B1D9F1E00AD7700FB95B6 /* LaunchScreen.storyboard */,
				AF9B1DA21E00AD7700FB95B6 /* Info.plist */,
				AF9B1D9A1E00AD7700FB95B6 /* Ministerio.xcdatamodeld */,
			);
			path = Ministerio;
			sourceTree = "<group>";
		};
		AF9B1DA81E00AFC500FB95B6 /* Frameworks */ = {
			isa = PBXGroup;
			children = (
				AF9B1DA91E00AFC600FB95B6 /* MapKit.framework */,
			);
			name = Frameworks;
			sourceTree = "<group>";
		};
/* End PBXGroup section */

/* Begin PBXNativeTarget section */
		AF9B1D8F1E00AD7600FB95B6 /* Ministerio */ = {
			isa = PBXNativeTarget;
			buildConfigurationList = AF9B1DA51E00AD7700FB95B6 /* Build configuration list for PBXNativeTarget "Ministerio" */;
			buildPhases = (
				AF9B1D8C1E00AD7600FB95B6 /* Sources */,
				AF9B1D8D1E00AD7600FB95B6 /* Frameworks */,
				AF9B1D8E1E00AD7600FB95B6 /* Resources */,
			);
			buildRules = (
			);
			dependencies = (
			);
			name = Ministerio;
			productName = Ministerio;
			productReference = AF9B1D901E00AD7700FB95B6 /* Ministerio.app */;
			productType = "com.apple.product-type.application";
		};
/* End PBXNativeTarget section */

/* Begin PBXProject section */
		AF9B1D881E00AD7600FB95B6 /* Project object */ = {
			isa = PBXProject;
			attributes = {
				LastSwiftUpdateCheck = 0820;
				LastUpgradeCheck = 0820;
				ORGANIZATIONNAME = "DEIVID LOUREIRO";
				TargetAttributes = {
					AF9B1D8F1E00AD7600FB95B6 = {
						CreatedOnToolsVersion = 8.2;
						DevelopmentTeam = EFCWNXZ638;
						ProvisioningStyle = Automatic;
					};
				};
			};
			buildConfigurationList = AF9B1D8B1E00AD7600FB95B6 /* Build configuration list for PBXProject "Ministerio" */;
			compatibilityVersion = "Xcode 3.2";
			developmentRegion = English;
			hasScannedForEncodings = 0;
			knownRegions = (
				en,
				Base,
			);
			mainGroup = AF9B1D871E00AD7600FB95B6;
			productRefGroup = AF9B1D911E00AD7700FB95B6 /* Products */;
			projectDirPath = "";
			projectRoot = "";
			targets = (
				AF9B1D8F1E00AD7600FB95B6 /* Ministerio */,
			);
		};
/* End PBXProject section */

/* Begin PBXResourcesBuildPhase section */
		AF9B1D8E1E00AD7600FB95B6 /* Resources */ = {
			isa = PBXResourcesBuildPhase;
			buildActionMask = 2147483647;
			files = (
				AF9B1DA11E00AD7700FB95B6 /* LaunchScreen.storyboard in Resources */,
				AF9B1D9E1E00AD7700FB95B6 /* Assets.xcassets in Resources */,
				AF7F11C11E04531D008526B5 /* IQKeyboardManager.bundle in Resources */,
				AF9B1D991E00AD7700FB95B6 /* Main.storyboard in Resources */,
			);
			runOnlyForDeploymentPostprocessing = 0;
		};
/* End PBXResourcesBuildPhase section */

/* Begin PBXSourcesBuildPhase section */
		AF9B1D8C1E00AD7600FB95B6 /* Sources */ = {
			isa = PBXSourcesBuildPhase;
			buildActionMask = 2147483647;
			files = (
				AF7F11C01E04531D008526B5 /* IQUIView+IQKeyboardToolbar.swift in Sources */,
				AF08FCD21E01EC2700746338 /* RevisitaMapaViewController.swift in Sources */,
				AF0F4AA31E09CE450054DE1B /* MapaGerenciador.swift in Sources */,
				AF9B1D961E00AD7700FB95B6 /* ViewController.swift in Sources */,
				AF7F11B51E04531D008526B5 /* IQUIViewController+Additions.swift in Sources */,
				AF7F11BF1E04531D008526B5 /* IQToolbar.swift in Sources */,
				AF7F11BC1E04531D008526B5 /* IQBarButtonItem.swift in Sources */,
				AF7F11BE1E04531D008526B5 /* IQTitleBarButtonItem.swift in Sources */,
				AF0F4A9E1E09B83F0054DE1B /* CoreDataRevisita.swift in Sources */,
				AF7F11B11E04531D008526B5 /* IQNSArray+Sort.swift in Sources */,
				AF7F11B71E04531D008526B5 /* IQKeyboardManagerConstants.swift in Sources */,
				AF7F11BB1E04531D008526B5 /* IQTextView.swift in Sources */,
				AFC243301E0331F7006BE491 /* RevisitaCadastroViewController.swift in Sources */,
				AF7F11B91E04531D008526B5 /* IQKeyboardManager.swift in Sources */,
				AF7F11B61E04531D008526B5 /* IQUIWindow+Hierarchy.swift in Sources */,
				AF7F11B41E04531D008526B5 /* IQUIView+Hierarchy.swift in Sources */,
				AF9B1D941E00AD7700FB95B6 /* AppDelegate.swift in Sources */,
				AF7F11B21E04531D008526B5 /* IQUIScrollView+Additions.swift in Sources */,
				AF7F11BA1E04531D008526B5 /* IQKeyboardReturnKeyHandler.swift in Sources */,
				AF7F11BD1E04531D008526B5 /* IQPreviousNextView.swift in Sources */,
				AF7F11B31E04531D008526B5 /* IQUITextFieldView+Additions.swift in Sources */,
				AF7F11B81E04531D008526B5 /* IQKeyboardManagerConstantsInternal.swift in Sources */,
				AF0F4AA01E09C6880054DE1B /* RevistasListagemTableViewController.swift in Sources */,
				AF9B1D9C1E00AD7700FB95B6 /* Ministerio.xcdatamodeld in Sources */,
			);
			runOnlyForDeploymentPostprocessing = 0;
		};
/* End PBXSourcesBuildPhase section */

/* Begin PBXVariantGroup section */
		AF9B1D971E00AD7700FB95B6 /* Main.storyboard */ = {
			isa = PBXVariantGroup;
			children = (
				AF9B1D981E00AD7700FB95B6 /* Base */,
			);
			name = Main.storyboard;
			sourceTree = "<group>";
		};
		AF9B1D9F1E00AD7700FB95B6 /* LaunchScreen.storyboard */ = {
			isa = PBXVariantGroup;
			children = (
				AF9B1DA01E00AD7700FB95B6 /* Base */,
			);
			name = LaunchScreen.storyboard;
			sourceTree = "<group>";
		};
/* End PBXVariantGroup section */

/* Begin XCBuildConfiguration section */
		AF9B1DA31E00AD7700FB95B6 /* Debug */ = {
			isa = XCBuildConfiguration;
			buildSettings = {
				ALWAYS_SEARCH_USER_PATHS = NO;
				CLANG_ANALYZER_NONNULL = YES;
				CLANG_CXX_LANGUAGE_STANDARD = "gnu++0x";
				CLANG_CXX_LIBRARY = "libc++";
				CLANG_ENABLE_MODULES = YES;
				CLANG_ENABLE_OBJC_ARC = YES;
				CLANG_WARN_BOOL_CONVERSION = YES;
				CLANG_WARN_CONSTANT_CONVERSION = YES;
				CLANG_WARN_DIRECT_OBJC_ISA_USAGE = YES_ERROR;
				CLANG_WARN_DOCUMENTATION_COMMENTS = YES;
				CLANG_WARN_EMPTY_BODY = YES;
				CLANG_WARN_ENUM_CONVERSION = YES;
				CLANG_WARN_INFINITE_RECURSION = YES;
				CLANG_WARN_INT_CONVERSION = YES;
				CLANG_WARN_OBJC_ROOT_CLASS = YES_ERROR;
				CLANG_WARN_SUSPICIOUS_MOVE = YES;
				CLANG_WARN_UNREACHABLE_CODE = YES;
				CLANG_WARN__DUPLICATE_METHOD_MATCH = YES;
				"CODE_SIGN_IDENTITY[sdk=iphoneos*]" = "iPhone Developer";
				COPY_PHASE_STRIP = NO;
				DEBUG_INFORMATION_FORMAT = dwarf;
				ENABLE_STRICT_OBJC_MSGSEND = YES;
				ENABLE_TESTABILITY = YES;
				GCC_C_LANGUAGE_STANDARD = gnu99;
				GCC_DYNAMIC_NO_PIC = NO;
				GCC_NO_COMMON_BLOCKS = YES;
				GCC_OPTIMIZATION_LEVEL = 0;
				GCC_PREPROCESSOR_DEFINITIONS = (
					"DEBUG=1",
					"$(inherited)",
				);
				GCC_WARN_64_TO_32_BIT_CONVERSION = YES;
				GCC_WARN_ABOUT_RETURN_TYPE = YES_ERROR;
				GCC_WARN_UNDECLARED_SELECTOR = YES;
				GCC_WARN_UNINITIALIZED_AUTOS = YES_AGGRESSIVE;
				GCC_WARN_UNUSED_FUNCTION = YES;
				GCC_WARN_UNUSED_VARIABLE = YES;
				IPHONEOS_DEPLOYMENT_TARGET = 10.2;
				MTL_ENABLE_DEBUG_INFO = YES;
				ONLY_ACTIVE_ARCH = YES;
				SDKROOT = iphoneos;
				SWIFT_ACTIVE_COMPILATION_CONDITIONS = DEBUG;
				SWIFT_OPTIMIZATION_LEVEL = "-Onone";
				TARGETED_DEVICE_FAMILY = "1,2";
			};
			name = Debug;
		};
		AF9B1DA41E00AD7700FB95B6 /* Release */ = {
			isa = XCBuildConfiguration;
			buildSettings = {
				ALWAYS_SEARCH_USER_PATHS = NO;
				CLANG_ANALYZER_NONNULL = YES;
				CLANG_CXX_LANGUAGE_STANDARD = "gnu++0x";
				CLANG_CXX_LIBRARY = "libc++";
				CLANG_ENABLE_MODULES = YES;
				CLANG_ENABLE_OBJC_ARC = YES;
				CLANG_WARN_BOOL_CONVERSION = YES;
				CLANG_WARN_CONSTANT_CONVERSION = YES;
				CLANG_WARN_DIRECT_OBJC_ISA_USAGE = YES_ERROR;
				CLANG_WARN_DOCUMENTATION_COMMENTS = YES;
				CLANG_WARN_EMPTY_BODY = YES;
				CLANG_WARN_ENUM_CONVERSION = YES;
				CLANG_WARN_INFINITE_RECURSION = YES;
				CLANG_WARN_INT_CONVERSION = YES;
				CLANG_WARN_OBJC_ROOT_CLASS = YES_ERROR;
				CLANG_WARN_SUSPICIOUS_MOVE = YES;
				CLANG_WARN_UNREACHABLE_CODE = YES;
				CLANG_WARN__DUPLICATE_METHOD_MATCH = YES;
				"CODE_SIGN_IDENTITY[sdk=iphoneos*]" = "iPhone Developer";
				COPY_PHASE_STRIP = NO;
				DEBUG_INFORMATION_FORMAT = "dwarf-with-dsym";
				ENABLE_NS_ASSERTIONS = NO;
				ENABLE_STRICT_OBJC_MSGSEND = YES;
				GCC_C_LANGUAGE_STANDARD = gnu99;
				GCC_NO_COMMON_BLOCKS = YES;
				GCC_WARN_64_TO_32_BIT_CONVERSION = YES;
				GCC_WARN_ABOUT_RETURN_TYPE = YES_ERROR;
				GCC_WARN_UNDECLARED_SELECTOR = YES;
				GCC_WARN_UNINITIALIZED_AUTOS = YES_AGGRESSIVE;
				GCC_WARN_UNUSED_FUNCTION = YES;
				GCC_WARN_UNUSED_VARIABLE = YES;
				IPHONEOS_DEPLOYMENT_TARGET = 10.2;
				MTL_ENABLE_DEBUG_INFO = NO;
				SDKROOT = iphoneos;
				SWIFT_OPTIMIZATION_LEVEL = "-Owholemodule";
				TARGETED_DEVICE_FAMILY = "1,2";
				VALIDATE_PRODUCT = YES;
			};
			name = Release;
		};
		AF9B1DA61E00AD7700FB95B6 /* Debug */ = {
			isa = XCBuildConfiguration;
			buildSettings = {
				ASSETCATALOG_COMPILER_APPICON_NAME = AppIcon;
				DEVELOPMENT_TEAM = EFCWNXZ638;
				INFOPLIST_FILE = Ministerio/Info.plist;
				LD_RUNPATH_SEARCH_PATHS = "$(inherited) @executable_path/Frameworks";
				PRODUCT_BUNDLE_IDENTIFIER = com.loureiro.Ministerio;
				PRODUCT_NAME = "$(TARGET_NAME)";
				SWIFT_VERSION = 3.0;
			};
			name = Debug;
		};
		AF9B1DA71E00AD7700FB95B6 /* Release */ = {
			isa = XCBuildConfiguration;
			buildSettings = {
				ASSETCATALOG_COMPILER_APPICON_NAME = AppIcon;
				DEVELOPMENT_TEAM = EFCWNXZ638;
				INFOPLIST_FILE = Ministerio/Info.plist;
				LD_RUNPATH_SEARCH_PATHS = "$(inherited) @executable_path/Frameworks";
				PRODUCT_BUNDLE_IDENTIFIER = com.loureiro.Ministerio;
				PRODUCT_NAME = "$(TARGET_NAME)";
				SWIFT_VERSION = 3.0;
			};
			name = Release;
		};
/* End XCBuildConfiguration section */

/* Begin XCConfigurationList section */
		AF9B1D8B1E00AD7600FB95B6 /* Build configuration list for PBXProject "Ministerio" */ = {
			isa = XCConfigurationList;
			buildConfigurations = (
				AF9B1DA31E00AD7700FB95B6 /* Debug */,
				AF9B1DA41E00AD7700FB95B6 /* Release */,
			);
			defaultConfigurationIsVisible = 0;
			defaultConfigurationName = Release;
		};
		AF9B1DA51E00AD7700FB95B6 /* Build configuration list for PBXNativeTarget "Ministerio" */ = {
			isa = XCConfigurationList;
			buildConfigurations = (
				AF9B1DA61E00AD7700FB95B6 /* Debug */,
				AF9B1DA71E00AD7700FB95B6 /* Release */,
			);
			defaultConfigurationIsVisible = 0;
			defaultConfigurationName = Release;
		};
/* End XCConfigurationList section */

/* Begin XCVersionGroup section */
		AF9B1D9A1E00AD7700FB95B6 /* Ministerio.xcdatamodeld */ = {
			isa = XCVersionGroup;
			children = (
				AF9B1D9B1E00AD7700FB95B6 /* Ministerio.xcdatamodel */,
			);
			currentVersion = AF9B1D9B1E00AD7700FB95B6 /* Ministerio.xcdatamodel */;
			path = Ministerio.xcdatamodeld;
			sourceTree = "<group>";
			versionGroupType = wrapper.xcdatamodel;
		};
/* End XCVersionGroup section */
	};
	rootObject = AF9B1D881E00AD7600FB95B6 /* Project object */;
}
